<?xml version="1.0" encoding="utf-8"?>
<Project ToolsVersion="4.0" xmlns="http://schemas.microsoft.com/developer/msbuild/2003">
  <ItemGroup>
    <Filter Include="Engine">
      <UniqueIdentifier>{ce8ae3f2-b632-4775-a1c2-f849033aafaf}</UniqueIdentifier>
    </Filter>
    <Filter Include="Engine\Core">
      <UniqueIdentifier>{602db112-1c50-4f94-aba4-e0eba5e21fd0}</UniqueIdentifier>
    </Filter>
    <Filter Include="Debug">
      <UniqueIdentifier>{ba61d2a6-7bb0-4da0-9029-dcbbc80164bb}</UniqueIdentifier>
    </Filter>
    <Filter Include="Game">
      <UniqueIdentifier>{86495783-522c-47f4-ac16-ef6757fc2c98}</UniqueIdentifier>
    </Filter>
    <Filter Include="Game\Scene">
      <UniqueIdentifier>{a669a67f-e6a5-4f8f-b17a-e6ca89a35402}</UniqueIdentifier>
    </Filter>
    <Filter Include="Engine\Rendering">
      <UniqueIdentifier>{48b298ec-2f81-4b3e-8cf7-ac460e2b793b}</UniqueIdentifier>
    </Filter>
    <Filter Include="Engine\Rendering\3D">
      <UniqueIdentifier>{dab913f5-e7cc-49a3-b1a7-8b7e922fc584}</UniqueIdentifier>
    </Filter>
  </ItemGroup>
  <ItemGroup>
    <ClCompile Include="Engine\Core\Window.cpp">
      <Filter>Engine\Core</Filter>
    </ClCompile>
    <ClCompile Include="Engine\Core\Timer.cpp">
      <Filter>Engine\Core</Filter>
    </ClCompile>
    <ClCompile Include="Engine\Core\MEngine.cpp">
      <Filter>Engine\Core</Filter>
    </ClCompile>
    <ClCompile Include="Main.cpp" />
    <ClCompile Include="Game\Game0.cpp">
      <Filter>Game</Filter>
    </ClCompile>
    <ClCompile Include="Game\Scene\StartScene.cpp">
      <Filter>Game\Scene</Filter>
    </ClCompile>
    <ClCompile Include="Game\Scene\GameScene.cpp">
      <Filter>Game\Scene</Filter>
    </ClCompile>
    <ClCompile Include="Engine\Rendering\3D\Model.cpp">
      <Filter>Engine\Rendering\3D</Filter>
    </ClCompile>
    <ClCompile Include="Engine\Rendering\3D\Mesh.cpp">
      <Filter>Engine\Rendering\3D</Filter>
    </ClCompile>
    <ClCompile Include="Engine\Rendering\3D\GameObject.cpp">
      <Filter>Engine\Rendering\3D</Filter>
    </ClCompile>
    <ClCompile Include="Engine\Graphics\ShaderHandler.cpp" />
    <ClCompile Include="Engine\Core\Camera.cpp" />
    <ClCompile Include="Engine\Graphics\TextureHandler.cpp" />
    <ClCompile Include="Engine\Core\Debug.cpp">
      <Filter>Debug</Filter>
    </ClCompile>
    <ClCompile Include="Engine\FX\LightSource.cpp" />
    <ClCompile Include="Engine\Rendering\3D\LoadOBJmodel.cpp" />
  </ItemGroup>
  <ItemGroup>
    <ClInclude Include="Engine\Core\Window.h">
      <Filter>Engine\Core</Filter>
    </ClInclude>
    <ClInclude Include="Engine\Core\Timer.h">
      <Filter>Engine\Core</Filter>
    </ClInclude>
    <ClInclude Include="Engine\Core\MEngine.h">
      <Filter>Engine\Core</Filter>
    </ClInclude>
    <ClInclude Include="Engine\Core\GameMainFrame.h">
      <Filter>Engine\Core</Filter>
    </ClInclude>
    <ClInclude Include="Game\Game0.h">
      <Filter>Game</Filter>
    </ClInclude>
    <ClInclude Include="Game\Scene\StartScene.h">
      <Filter>Game\Scene</Filter>
    </ClInclude>
    <ClInclude Include="Game\Scene\Scene.h">
      <Filter>Engine\Core</Filter>
    </ClInclude>
    <ClInclude Include="Game\Scene\GameScene.h">
      <Filter>Game\Scene</Filter>
    </ClInclude>
    <ClInclude Include="Engine\Rendering\3D\Model.h">
      <Filter>Engine\Rendering\3D</Filter>
    </ClInclude>
    <ClInclude Include="Engine\Rendering\3D\Mesh.h">
      <Filter>Engine\Rendering\3D</Filter>
    </ClInclude>
    <ClInclude Include="Engine\Rendering\3D\GameObject.h">
      <Filter>Engine\Rendering\3D</Filter>
    </ClInclude>
    <ClInclude Include="Engine\Graphics\ShaderHandler.h" />
    <ClInclude Include="Engine\Core\Camera.h" />
    <ClInclude Include="Engine\Graphics\TextureHandler.h" />
    <ClInclude Include="Engine\Core\Debug.h">
      <Filter>Debug</Filter>
    </ClInclude>
    <ClInclude Include="Engine\FX\LightSource.h" />
    <ClInclude Include="Engine\Rendering\3D\LoadOBJmodel.h" />
  </ItemGroup>
  <ItemGroup>
    <None Include="Engine\Shaders\ColorVertexShader.glsl" />
    <None Include="Engine\Shaders\ColorFragmentShader.glsl" />
    <None Include="Engine\Shaders\VertextShader.glsl" />
    <None Include="Engine\Shaders\FragmentShader.glsl" />
    <None Include="Engine\Shaders\MultiVert.glsl" />
    <None Include="Engine\Shaders\MultiFrag.glsl" />
  </ItemGroup>
</Project>